
Microsoft Visual Studio Solution File, Format Version 12.00
# Visual Studio Version 16
VisualStudioVersion = 16.0.31019.35
MinimumVisualStudioVersion = 10.0.40219.1
Project("{FAE04EC0-301F-11D3-BF4B-00C04F79EFBC}") = "HelloCore", "HelloCore\HelloCore.csproj", "{A68D345F-C962-43CD-84E0-1ACF1A58FAFA}"
EndProject
Global
	GlobalSection(SolutionConfigurationPlatforms) = preSolution
		Debug|Any CPU = Debug|Any CPU
		Release|Any CPU = Release|Any CPU
	EndGlobalSection
	GlobalSection(ProjectConfigurationPlatforms) = postSolution
		{A68D345F-C962-43CD-84E0-1ACF1A58FAFA}.Debug|Any CPU.ActiveCfg = Debug|Any CPU
		{A68D345F-C962-43CD-84E0-1ACF1A58FAFA}.Debug|Any CPU.Build.0 = Debug|Any CPU
		{A68D345F-C962-43CD-84E0-1ACF1A58FAFA}.Release|Any CPU.ActiveCfg = Release|Any CPU
		{A68D345F-C962-43CD-84E0-1ACF1A58FAFA}.Release|Any CPU.Build.0 = Release|Any CPU
	EndGlobalSection
	GlobalSection(SolutionProperties) = preSolution
		HideSolutionNode = FALSE
	EndGlobalSection
	GlobalSection(ExtensibilityGlobals) = postSolution
		SolutionGuid = {1F7769B3-97AB-477F-8B8C-518AF107EC62}
	EndGlobalSection
EndGlobal
